github.com/go-sql-driver/mysql v1.5.0 h1:ozyZYNQW3x3HtqT1jira07DN2PArx2v7/mN66gGcHOs=
github.com/go-sql-driver/mysql v1.5.0/go.mod h1:DCzpHaOWr8IXmIStZouvnhqoel9Qv2LBy8hT2VhHyBg=
github.com/mlboy/godb v0.0.0-20200427103937-9eeaa5efec1e h1:2LVj66wiL+xnho0zdbgbArKQoeLDbxi1IPh5WgIxtlk=
github.com/mlboy/godb v0.0.0-20200427103937-9eeaa5efec1e/go.mod h1:6TQB4Sct6rJDHhgNmgLxBc3k+myQ6p5P+3v/oQ3yMdc=
